
Microsoft Visual Studio Solution File, Format Version 12.00
# Visual Studio Version 16
VisualStudioVersion = 16.0.29411.108
MinimumVisualStudioVersion = 10.0.40219.1
Project("{FAE04EC0-301F-11D3-BF4B-00C04F79EFBC}") = "TheWeather", "TheWeather.csproj", "{696190CB-0FE8-4BCD-84D1-AC7D92554972}"
EndProject
Global
	GlobalSection(SolutionConfigurationPlatforms) = preSolution
		Debug|Any CPU = Debug|Any CPU
		Release|Any CPU = Release|Any CPU
	EndGlobalSection
	GlobalSection(ProjectConfigurationPlatforms) = postSolution
		{696190CB-0FE8-4BCD-84D1-AC7D92554972}.Debug|Any CPU.ActiveCfg = Debug|Any CPU
		{696190CB-0FE8-4BCD-84D1-AC7D92554972}.Debug|Any CPU.Build.0 = Debug|Any CPU
		{696190CB-0FE8-4BCD-84D1-AC7D92554972}.Release|Any CPU.ActiveCfg = Release|Any CPU
		{696190CB-0FE8-4BCD-84D1-AC7D92554972}.Release|Any CPU.Build.0 = Release|Any CPU
	EndGlobalSection
	GlobalSection(SolutionProperties) = preSolution
		HideSolutionNode = FALSE
	EndGlobalSection
	GlobalSection(ExtensibilityGlobals) = postSolution
		SolutionGuid = {3AB28171-029C-40AC-A367-03EA4B5AEDB1}
	EndGlobalSection
EndGlobal
